// !$*UTF8*$!
{
	archiveVersion = 1;
	classes = {
	};
	objectVersion = 56;
	objects = {

/* Begin PBXBuildFile section */
		AADE92DF2C3957AB007603E5 /* TMDBApp.swift in Sources */ = {isa = PBXBuildFile; fileRef = AADE92DE2C3957AB007603E5 /* TMDBApp.swift */; };
		AADE92E12C3957AB007603E5 /* ContentView.swift in Sources */ = {isa = PBXBuildFile; fileRef = AADE92E02C3957AB007603E5 /* ContentView.swift */; };
		AADE92E32C3957AD007603E5 /* Assets.xcassets in Resources */ = {isa = PBXBuildFile; fileRef = AADE92E22C3957AD007603E5 /* Assets.xcassets */; };
		AADE92E62C3957AD007603E5 /* Preview Assets.xcassets in Resources */ = {isa = PBXBuildFile; fileRef = AADE92E52C3957AD007603E5 /* Preview Assets.xcassets */; };
		AADE932F2C3960C8007603E5 /* URLSessionProtocol.swift in Sources */ = {isa = PBXBuildFile; fileRef = AADE932E2C3960C8007603E5 /* URLSessionProtocol.swift */; };
		AADE93312C3962BC007603E5 /* NetworkRepository.swift in Sources */ = {isa = PBXBuildFile; fileRef = AADE93302C3962BC007603E5 /* NetworkRepository.swift */; };
		AADE93332C3963B1007603E5 /* NetworkRepositoryImplementation.swift in Sources */ = {isa = PBXBuildFile; fileRef = AADE93322C3963B1007603E5 /* NetworkRepositoryImplementation.swift */; };
		AADE93352C3967C4007603E5 /* AuthManager.swift in Sources */ = {isa = PBXBuildFile; fileRef = AADE93342C3967C4007603E5 /* AuthManager.swift */; };
		AADE933B2C396A6C007603E5 /* JsonDecoder.swift in Sources */ = {isa = PBXBuildFile; fileRef = AADE933A2C396A6C007603E5 /* JsonDecoder.swift */; };
		AADE933E2C396AAF007603E5 /* JsonDecoder + Extesntion.swift in Sources */ = {isa = PBXBuildFile; fileRef = AADE933D2C396AAF007603E5 /* JsonDecoder + Extesntion.swift */; };
		AADE93402C396B81007603E5 /* MovieErrors.swift in Sources */ = {isa = PBXBuildFile; fileRef = AADE933F2C396B81007603E5 /* MovieErrors.swift */; };
		AADE93422C396BC3007603E5 /* ErrorResponse.swift in Sources */ = {isa = PBXBuildFile; fileRef = AADE93412C396BC3007603E5 /* ErrorResponse.swift */; };
		AADE93462C396CFE007603E5 /* UrlsMovie.swift in Sources */ = {isa = PBXBuildFile; fileRef = AADE93452C396CFE007603E5 /* UrlsMovie.swift */; };
		AADE93482C396E77007603E5 /* PosterPathUrlMovie.swift in Sources */ = {isa = PBXBuildFile; fileRef = AADE93472C396E77007603E5 /* PosterPathUrlMovie.swift */; };
		AADE934A2C3970F0007603E5 /* NetworkChecker.swift in Sources */ = {isa = PBXBuildFile; fileRef = AADE93492C3970F0007603E5 /* NetworkChecker.swift */; };
		AADE934C2C397388007603E5 /* DisconnectConnection.swift in Sources */ = {isa = PBXBuildFile; fileRef = AADE934B2C397388007603E5 /* DisconnectConnection.swift */; };
		AADE93512C3977EF007603E5 /* MovieListEntity.swift in Sources */ = {isa = PBXBuildFile; fileRef = AADE93502C3977EF007603E5 /* MovieListEntity.swift */; };
		AADE93532C39786C007603E5 /* MoviesRepository.swift in Sources */ = {isa = PBXBuildFile; fileRef = AADE93522C39786C007603E5 /* MoviesRepository.swift */; };
		AADE93552C397944007603E5 /* MoviesUseCase.swift in Sources */ = {isa = PBXBuildFile; fileRef = AADE93542C397944007603E5 /* MoviesUseCase.swift */; };
		AADE93572C397956007603E5 /* MoviesUseCaseImplementation.swift in Sources */ = {isa = PBXBuildFile; fileRef = AADE93562C397956007603E5 /* MoviesUseCaseImplementation.swift */; };
		AADE93592C397A7A007603E5 /* TypeTabsMovie.swift in Sources */ = {isa = PBXBuildFile; fileRef = AADE93582C397A7A007603E5 /* TypeTabsMovie.swift */; };
		AADE935B2C397C91007603E5 /* MovieRepositoryImplementation.swift in Sources */ = {isa = PBXBuildFile; fileRef = AADE935A2C397C91007603E5 /* MovieRepositoryImplementation.swift */; };
		AADE935D2C397F59007603E5 /* MovieDataModel.swift in Sources */ = {isa = PBXBuildFile; fileRef = AADE935C2C397F59007603E5 /* MovieDataModel.swift */; };
		AADE935F2C397F65007603E5 /* MovieItemDataModel.swift in Sources */ = {isa = PBXBuildFile; fileRef = AADE935E2C397F65007603E5 /* MovieItemDataModel.swift */; };
		AADE93612C398453007603E5 /* MoviesDTOMapper.swift in Sources */ = {isa = PBXBuildFile; fileRef = AADE93602C398453007603E5 /* MoviesDTOMapper.swift */; };
		AADE93632C3984A1007603E5 /* MovieDTOMapperImplementation.swift in Sources */ = {isa = PBXBuildFile; fileRef = AADE93622C3984A1007603E5 /* MovieDTOMapperImplementation.swift */; };
		AADE93652C39862C007603E5 /* MovieApiFactory.swift in Sources */ = {isa = PBXBuildFile; fileRef = AADE93642C39862C007603E5 /* MovieApiFactory.swift */; };
		AADE93672C398639007603E5 /* MovieApiFactoryImplementation.swift in Sources */ = {isa = PBXBuildFile; fileRef = AADE93662C398639007603E5 /* MovieApiFactoryImplementation.swift */; };
		AADE936C2C398E53007603E5 /* MockUrlSession.swift in Sources */ = {isa = PBXBuildFile; fileRef = AADE936B2C398E53007603E5 /* MockUrlSession.swift */; };
		AADE936E2C398E67007603E5 /* MockNetworkRepository.swift in Sources */ = {isa = PBXBuildFile; fileRef = AADE936D2C398E67007603E5 /* MockNetworkRepository.swift */; };
		AADE93702C398E79007603E5 /* MockUrlSessionDataTask.swift in Sources */ = {isa = PBXBuildFile; fileRef = AADE936F2C398E79007603E5 /* MockUrlSessionDataTask.swift */; };
		AADE937A2C399692007603E5 /* NetworkRepositoryImplementation.swift in Sources */ = {isa = PBXBuildFile; fileRef = AADE93712C3990F3007603E5 /* NetworkRepositoryImplementation.swift */; };
		AADE93C02C39AFCB007603E5 /* MovieDataModelBuilder.swift in Sources */ = {isa = PBXBuildFile; fileRef = AADE93BF2C39AFCB007603E5 /* MovieDataModelBuilder.swift */; };
		AADE93C22C39AFE0007603E5 /* MovieItemDataModelBuilder.swift in Sources */ = {isa = PBXBuildFile; fileRef = AADE93C12C39AFE0007603E5 /* MovieItemDataModelBuilder.swift */; };
/* End PBXBuildFile section */

/* Begin PBXContainerItemProxy section */
		AADE92EC2C3957AD007603E5 /* PBXContainerItemProxy */ = {
			isa = PBXContainerItemProxy;
			containerPortal = AADE92D32C3957AB007603E5 /* Project object */;
			proxyType = 1;
			remoteGlobalIDString = AADE92DA2C3957AB007603E5;
			remoteInfo = TMDB;
		};
/* End PBXContainerItemProxy section */

/* Begin PBXFileReference section */
		AADE92DB2C3957AB007603E5 /* TMDB.app */ = {isa = PBXFileReference; explicitFileType = wrapper.application; includeInIndex = 0; path = TMDB.app; sourceTree = BUILT_PRODUCTS_DIR; };
		AADE92DE2C3957AB007603E5 /* TMDBApp.swift */ = {isa = PBXFileReference; lastKnownFileType = sourcecode.swift; path = TMDBApp.swift; sourceTree = "<group>"; };
		AADE92E02C3957AB007603E5 /* ContentView.swift */ = {isa = PBXFileReference; lastKnownFileType = sourcecode.swift; path = ContentView.swift; sourceTree = "<group>"; };
		AADE92E22C3957AD007603E5 /* Assets.xcassets */ = {isa = PBXFileReference; lastKnownFileType = folder.assetcatalog; path = Assets.xcassets; sourceTree = "<group>"; };
		AADE92E52C3957AD007603E5 /* Preview Assets.xcassets */ = {isa = PBXFileReference; lastKnownFileType = folder.assetcatalog; path = "Preview Assets.xcassets"; sourceTree = "<group>"; };
		AADE92EB2C3957AD007603E5 /* TMDBTests.xctest */ = {isa = PBXFileReference; explicitFileType = wrapper.cfbundle; includeInIndex = 0; path = TMDBTests.xctest; sourceTree = BUILT_PRODUCTS_DIR; };
		AADE932E2C3960C8007603E5 /* URLSessionProtocol.swift */ = {isa = PBXFileReference; lastKnownFileType = sourcecode.swift; path = URLSessionProtocol.swift; sourceTree = "<group>"; };
		AADE93302C3962BC007603E5 /* NetworkRepository.swift */ = {isa = PBXFileReference; lastKnownFileType = sourcecode.swift; path = NetworkRepository.swift; sourceTree = "<group>"; };
		AADE93322C3963B1007603E5 /* NetworkRepositoryImplementation.swift */ = {isa = PBXFileReference; lastKnownFileType = sourcecode.swift; path = NetworkRepositoryImplementation.swift; sourceTree = "<group>"; };
		AADE93342C3967C4007603E5 /* AuthManager.swift */ = {isa = PBXFileReference; lastKnownFileType = sourcecode.swift; path = AuthManager.swift; sourceTree = "<group>"; };
		AADE933A2C396A6C007603E5 /* JsonDecoder.swift */ = {isa = PBXFileReference; lastKnownFileType = sourcecode.swift; path = JsonDecoder.swift; sourceTree = "<group>"; };
		AADE933D2C396AAF007603E5 /* JsonDecoder + Extesntion.swift */ = {isa = PBXFileReference; lastKnownFileType = sourcecode.swift; path = "JsonDecoder + Extesntion.swift"; sourceTree = "<group>"; };
		AADE933F2C396B81007603E5 /* MovieErrors.swift */ = {isa = PBXFileReference; lastKnownFileType = sourcecode.swift; path = MovieErrors.swift; sourceTree = "<group>"; };
		AADE93412C396BC3007603E5 /* ErrorResponse.swift */ = {isa = PBXFileReference; lastKnownFileType = sourcecode.swift; path = ErrorResponse.swift; sourceTree = "<group>"; };
		AADE93452C396CFE007603E5 /* UrlsMovie.swift */ = {isa = PBXFileReference; lastKnownFileType = sourcecode.swift; path = UrlsMovie.swift; sourceTree = "<group>"; };
		AADE93472C396E77007603E5 /* PosterPathUrlMovie.swift */ = {isa = PBXFileReference; lastKnownFileType = sourcecode.swift; path = PosterPathUrlMovie.swift; sourceTree = "<group>"; };
		AADE93492C3970F0007603E5 /* NetworkChecker.swift */ = {isa = PBXFileReference; lastKnownFileType = sourcecode.swift; path = NetworkChecker.swift; sourceTree = "<group>"; };
		AADE934B2C397388007603E5 /* DisconnectConnection.swift */ = {isa = PBXFileReference; lastKnownFileType = sourcecode.swift; path = DisconnectConnection.swift; sourceTree = "<group>"; };
		AADE93502C3977EF007603E5 /* MovieListEntity.swift */ = {isa = PBXFileReference; lastKnownFileType = sourcecode.swift; path = MovieListEntity.swift; sourceTree = "<group>"; };
		AADE93522C39786C007603E5 /* MoviesRepository.swift */ = {isa = PBXFileReference; lastKnownFileType = sourcecode.swift; path = MoviesRepository.swift; sourceTree = "<group>"; };
		AADE93542C397944007603E5 /* MoviesUseCase.swift */ = {isa = PBXFileReference; lastKnownFileType = sourcecode.swift; path = MoviesUseCase.swift; sourceTree = "<group>"; };
		AADE93562C397956007603E5 /* MoviesUseCaseImplementation.swift */ = {isa = PBXFileReference; lastKnownFileType = sourcecode.swift; path = MoviesUseCaseImplementation.swift; sourceTree = "<group>"; };
		AADE93582C397A7A007603E5 /* TypeTabsMovie.swift */ = {isa = PBXFileReference; lastKnownFileType = sourcecode.swift; path = TypeTabsMovie.swift; sourceTree = "<group>"; };
		AADE935A2C397C91007603E5 /* MovieRepositoryImplementation.swift */ = {isa = PBXFileReference; lastKnownFileType = sourcecode.swift; path = MovieRepositoryImplementation.swift; sourceTree = "<group>"; };
		AADE935C2C397F59007603E5 /* MovieDataModel.swift */ = {isa = PBXFileReference; lastKnownFileType = sourcecode.swift; path = MovieDataModel.swift; sourceTree = "<group>"; };
		AADE935E2C397F65007603E5 /* MovieItemDataModel.swift */ = {isa = PBXFileReference; lastKnownFileType = sourcecode.swift; path = MovieItemDataModel.swift; sourceTree = "<group>"; };
		AADE93602C398453007603E5 /* MoviesDTOMapper.swift */ = {isa = PBXFileReference; lastKnownFileType = sourcecode.swift; path = MoviesDTOMapper.swift; sourceTree = "<group>"; };
		AADE93622C3984A1007603E5 /* MovieDTOMapperImplementation.swift */ = {isa = PBXFileReference; lastKnownFileType = sourcecode.swift; path = MovieDTOMapperImplementation.swift; sourceTree = "<group>"; };
		AADE93642C39862C007603E5 /* MovieApiFactory.swift */ = {isa = PBXFileReference; lastKnownFileType = sourcecode.swift; path = MovieApiFactory.swift; sourceTree = "<group>"; };
		AADE93662C398639007603E5 /* MovieApiFactoryImplementation.swift */ = {isa = PBXFileReference; lastKnownFileType = sourcecode.swift; path = MovieApiFactoryImplementation.swift; sourceTree = "<group>"; };
		AADE936B2C398E53007603E5 /* MockUrlSession.swift */ = {isa = PBXFileReference; lastKnownFileType = sourcecode.swift; path = MockUrlSession.swift; sourceTree = "<group>"; };
		AADE936D2C398E67007603E5 /* MockNetworkRepository.swift */ = {isa = PBXFileReference; lastKnownFileType = sourcecode.swift; path = MockNetworkRepository.swift; sourceTree = "<group>"; };
		AADE936F2C398E79007603E5 /* MockUrlSessionDataTask.swift */ = {isa = PBXFileReference; lastKnownFileType = sourcecode.swift; path = MockUrlSessionDataTask.swift; sourceTree = "<group>"; };
		AADE93712C3990F3007603E5 /* NetworkRepositoryImplementation.swift */ = {isa = PBXFileReference; lastKnownFileType = sourcecode.swift; path = NetworkRepositoryImplementation.swift; sourceTree = "<group>"; };
		AADE93BF2C39AFCB007603E5 /* MovieDataModelBuilder.swift */ = {isa = PBXFileReference; lastKnownFileType = sourcecode.swift; path = MovieDataModelBuilder.swift; sourceTree = "<group>"; };
		AADE93C12C39AFE0007603E5 /* MovieItemDataModelBuilder.swift */ = {isa = PBXFileReference; lastKnownFileType = sourcecode.swift; path = MovieItemDataModelBuilder.swift; sourceTree = "<group>"; };
/* End PBXFileReference section */

/* Begin PBXFrameworksBuildPhase section */
		AADE92D82C3957AB007603E5 /* Frameworks */ = {
			isa = PBXFrameworksBuildPhase;
			buildActionMask = 2147483647;
			files = (
			);
			runOnlyForDeploymentPostprocessing = 0;
		};
		AADE92E82C3957AD007603E5 /* Frameworks */ = {
			isa = PBXFrameworksBuildPhase;
			buildActionMask = 2147483647;
			files = (
			);
			runOnlyForDeploymentPostprocessing = 0;
		};
/* End PBXFrameworksBuildPhase section */

/* Begin PBXGroup section */
		AADE92D22C3957AB007603E5 = {
			isa = PBXGroup;
			children = (
				AADE92DD2C3957AB007603E5 /* TMDB */,
				AADE92EE2C3957AD007603E5 /* TMDBTests */,
				AADE92DC2C3957AB007603E5 /* Products */,
			);
			sourceTree = "<group>";
		};
		AADE92DC2C3957AB007603E5 /* Products */ = {
			isa = PBXGroup;
			children = (
				AADE92DB2C3957AB007603E5 /* TMDB.app */,
				AADE92EB2C3957AD007603E5 /* TMDBTests.xctest */,
			);
			name = Products;
			sourceTree = "<group>";
		};
		AADE92DD2C3957AB007603E5 /* TMDB */ = {
			isa = PBXGroup;
			children = (
				AADE93082C395C3E007603E5 /* App */,
				AADE930A2C395C7D007603E5 /* Movie */,
				AADE934D2C39745B007603E5 /* Assets */,
				AADE93092C395C4C007603E5 /* Utilities */,
				AADE932B2C395EF6007603E5 /* Network */,
				AADE92E42C3957AD007603E5 /* Preview Content */,
			);
			path = TMDB;
			sourceTree = "<group>";
		};
		AADE92E42C3957AD007603E5 /* Preview Content */ = {
			isa = PBXGroup;
			children = (
				AADE92E52C3957AD007603E5 /* Preview Assets.xcassets */,
			);
			path = "Preview Content";
			sourceTree = "<group>";
		};
		AADE92EE2C3957AD007603E5 /* TMDBTests */ = {
			isa = PBXGroup;
			children = (
				AADE93B72C39A3BA007603E5 /* NowPlaying */,
				AADE93682C398E2D007603E5 /* Network */,
			);
			path = TMDBTests;
			sourceTree = "<group>";
		};
		AADE93082C395C3E007603E5 /* App */ = {
			isa = PBXGroup;
			children = (
				AADE92DE2C3957AB007603E5 /* TMDBApp.swift */,
				AADE92E02C3957AB007603E5 /* ContentView.swift */,
				AADE934B2C397388007603E5 /* DisconnectConnection.swift */,
			);
			path = App;
			sourceTree = "<group>";
		};
		AADE93092C395C4C007603E5 /* Utilities */ = {
			isa = PBXGroup;
			children = (
				AADE933C2C396A82007603E5 /* Extenstions */,
				AADE93382C396A36007603E5 /* Enums */,
				AADE93342C3967C4007603E5 /* AuthManager.swift */,
				AADE933A2C396A6C007603E5 /* JsonDecoder.swift */,
				AADE93412C396BC3007603E5 /* ErrorResponse.swift */,
				AADE93472C396E77007603E5 /* PosterPathUrlMovie.swift */,
				AADE93492C3970F0007603E5 /* NetworkChecker.swift */,
			);
			path = Utilities;
			sourceTree = "<group>";
		};
		AADE930A2C395C7D007603E5 /* Movie */ = {
			isa = PBXGroup;
			children = (
				AADE930B2C395C8F007603E5 /* MovieList */,
				AADE930C2C395C97007603E5 /* MovieDetails */,
			);
			path = Movie;
			sourceTree = "<group>";
		};
		AADE930B2C395C8F007603E5 /* MovieList */ = {
			isa = PBXGroup;
			children = (
				AADE930D2C395CC2007603E5 /* Data */,
				AADE930E2C395CC8007603E5 /* Domain */,
				AADE930F2C395CD0007603E5 /* Presentation */,
			);
			path = MovieList;
			sourceTree = "<group>";
		};
		AADE930C2C395C97007603E5 /* MovieDetails */ = {
			isa = PBXGroup;
			children = (
				AADE93102C395CF3007603E5 /* Data */,
				AADE93112C395CF7007603E5 /* Domain */,
				AADE93122C395CFF007603E5 /* Presentation */,
			);
			path = MovieDetails;
			sourceTree = "<group>";
		};
		AADE930D2C395CC2007603E5 /* Data */ = {
			isa = PBXGroup;
			children = (
				AADE93162C395D20007603E5 /* Repository */,
				AADE93152C395D1A007603E5 /* Factory */,
				AADE93142C395D14007603E5 /* Mapper */,
				AADE93132C395D0F007603E5 /* Model */,
			);
			path = Data;
			sourceTree = "<group>";
		};
		AADE930E2C395CC8007603E5 /* Domain */ = {
			isa = PBXGroup;
			children = (
				AADE931B2C395D84007603E5 /* Entity */,
				AADE931A2C395D7E007603E5 /* UseCase */,
				AADE93192C395D6D007603E5 /* Repository */,
			);
			path = Domain;
			sourceTree = "<group>";
		};
		AADE930F2C395CD0007603E5 /* Presentation */ = {
			isa = PBXGroup;
			children = (
				AADE93182C395D5B007603E5 /* Mapper */,
				AADE93172C395D53007603E5 /* MovieListView */,
			);
			path = Presentation;
			sourceTree = "<group>";
		};
		AADE93102C395CF3007603E5 /* Data */ = {
			isa = PBXGroup;
			children = (
				AADE931F2C395E08007603E5 /* Model */,
				AADE931E2C395E02007603E5 /* Mapper */,
				AADE931D2C395DF7007603E5 /* Factory */,
				AADE931C2C395DF3007603E5 /* Repository */,
			);
			path = Data;
			sourceTree = "<group>";
		};
		AADE93112C395CF7007603E5 /* Domain */ = {
			isa = PBXGroup;
			children = (
				AADE93222C395E29007603E5 /* Entity */,
				AADE93212C395E21007603E5 /* UseCase */,
				AADE93202C395E1A007603E5 /* Repository */,
			);
			path = Domain;
			sourceTree = "<group>";
		};
		AADE93122C395CFF007603E5 /* Presentation */ = {
			isa = PBXGroup;
			children = (
				AADE93242C395E83007603E5 /* Mapper */,
				AADE93232C395E7A007603E5 /* MovieDetailsView */,
			);
			path = Presentation;
			sourceTree = "<group>";
		};
		AADE93132C395D0F007603E5 /* Model */ = {
			isa = PBXGroup;
			children = (
				AADE935C2C397F59007603E5 /* MovieDataModel.swift */,
				AADE935E2C397F65007603E5 /* MovieItemDataModel.swift */,
			);
			path = Model;
			sourceTree = "<group>";
		};
		AADE93142C395D14007603E5 /* Mapper */ = {
			isa = PBXGroup;
			children = (
				AADE93602C398453007603E5 /* MoviesDTOMapper.swift */,
				AADE93622C3984A1007603E5 /* MovieDTOMapperImplementation.swift */,
			);
			path = Mapper;
			sourceTree = "<group>";
		};
		AADE93152C395D1A007603E5 /* Factory */ = {
			isa = PBXGroup;
			children = (
				AADE93642C39862C007603E5 /* MovieApiFactory.swift */,
				AADE93662C398639007603E5 /* MovieApiFactoryImplementation.swift */,
			);
			path = Factory;
			sourceTree = "<group>";
		};
		AADE93162C395D20007603E5 /* Repository */ = {
			isa = PBXGroup;
			children = (
				AADE935A2C397C91007603E5 /* MovieRepositoryImplementation.swift */,
			);
			path = Repository;
			sourceTree = "<group>";
		};
		AADE93172C395D53007603E5 /* MovieListView */ = {
			isa = PBXGroup;
			children = (
				AADE93282C395EB3007603E5 /* Model */,
				AADE93292C395EB7007603E5 /* View */,
				AADE932A2C395EBC007603E5 /* ViewModel */,
			);
			path = MovieListView;
			sourceTree = "<group>";
		};
		AADE93182C395D5B007603E5 /* Mapper */ = {
			isa = PBXGroup;
			children = (
			);
			path = Mapper;
			sourceTree = "<group>";
		};
		AADE93192C395D6D007603E5 /* Repository */ = {
			isa = PBXGroup;
			children = (
				AADE93522C39786C007603E5 /* MoviesRepository.swift */,
			);
			path = Repository;
			sourceTree = "<group>";
		};
		AADE931A2C395D7E007603E5 /* UseCase */ = {
			isa = PBXGroup;
			children = (
				AADE93542C397944007603E5 /* MoviesUseCase.swift */,
				AADE93562C397956007603E5 /* MoviesUseCaseImplementation.swift */,
			);
			path = UseCase;
			sourceTree = "<group>";
		};
		AADE931B2C395D84007603E5 /* Entity */ = {
			isa = PBXGroup;
			children = (
				AADE93502C3977EF007603E5 /* MovieListEntity.swift */,
			);
			path = Entity;
			sourceTree = "<group>";
		};
		AADE931C2C395DF3007603E5 /* Repository */ = {
			isa = PBXGroup;
			children = (
			);
			path = Repository;
			sourceTree = "<group>";
		};
		AADE931D2C395DF7007603E5 /* Factory */ = {
			isa = PBXGroup;
			children = (
			);
			path = Factory;
			sourceTree = "<group>";
		};
		AADE931E2C395E02007603E5 /* Mapper */ = {
			isa = PBXGroup;
			children = (
			);
			path = Mapper;
			sourceTree = "<group>";
		};
		AADE931F2C395E08007603E5 /* Model */ = {
			isa = PBXGroup;
			children = (
			);
			path = Model;
			sourceTree = "<group>";
		};
		AADE93202C395E1A007603E5 /* Repository */ = {
			isa = PBXGroup;
			children = (
			);
			path = Repository;
			sourceTree = "<group>";
		};
		AADE93212C395E21007603E5 /* UseCase */ = {
			isa = PBXGroup;
			children = (
			);
			path = UseCase;
			sourceTree = "<group>";
		};
		AADE93222C395E29007603E5 /* Entity */ = {
			isa = PBXGroup;
			children = (
			);
			path = Entity;
			sourceTree = "<group>";
		};
		AADE93232C395E7A007603E5 /* MovieDetailsView */ = {
			isa = PBXGroup;
			children = (
				AADE93252C395E95007603E5 /* Model */,
				AADE93272C395EA2007603E5 /* View */,
				AADE93262C395E9B007603E5 /* ViewModel */,
			);
			path = MovieDetailsView;
			sourceTree = "<group>";
		};
		AADE93242C395E83007603E5 /* Mapper */ = {
			isa = PBXGroup;
			children = (
			);
			path = Mapper;
			sourceTree = "<group>";
		};
		AADE93252C395E95007603E5 /* Model */ = {
			isa = PBXGroup;
			children = (
			);
			path = Model;
			sourceTree = "<group>";
		};
		AADE93262C395E9B007603E5 /* ViewModel */ = {
			isa = PBXGroup;
			children = (
			);
			path = ViewModel;
			sourceTree = "<group>";
		};
		AADE93272C395EA2007603E5 /* View */ = {
			isa = PBXGroup;
			children = (
			);
			path = View;
			sourceTree = "<group>";
		};
		AADE93282C395EB3007603E5 /* Model */ = {
			isa = PBXGroup;
			children = (
			);
			path = Model;
			sourceTree = "<group>";
		};
		AADE93292C395EB7007603E5 /* View */ = {
			isa = PBXGroup;
			children = (
			);
			path = View;
			sourceTree = "<group>";
		};
		AADE932A2C395EBC007603E5 /* ViewModel */ = {
			isa = PBXGroup;
			children = (
			);
			path = ViewModel;
			sourceTree = "<group>";
		};
		AADE932B2C395EF6007603E5 /* Network */ = {
			isa = PBXGroup;
			children = (
				AADE932C2C3960A5007603E5 /* Protocols */,
				AADE932D2C3960AF007603E5 /* Implementation */,
			);
			path = Network;
			sourceTree = "<group>";
		};
		AADE932C2C3960A5007603E5 /* Protocols */ = {
			isa = PBXGroup;
			children = (
				AADE932E2C3960C8007603E5 /* URLSessionProtocol.swift */,
				AADE93302C3962BC007603E5 /* NetworkRepository.swift */,
			);
			path = Protocols;
			sourceTree = "<group>";
		};
		AADE932D2C3960AF007603E5 /* Implementation */ = {
			isa = PBXGroup;
			children = (
				AADE93322C3963B1007603E5 /* NetworkRepositoryImplementation.swift */,
			);
			path = Implementation;
			sourceTree = "<group>";
		};
		AADE93382C396A36007603E5 /* Enums */ = {
			isa = PBXGroup;
			children = (
				AADE933F2C396B81007603E5 /* MovieErrors.swift */,
				AADE93452C396CFE007603E5 /* UrlsMovie.swift */,
				AADE93582C397A7A007603E5 /* TypeTabsMovie.swift */,
			);
			path = Enums;
			sourceTree = "<group>";
		};
		AADE933C2C396A82007603E5 /* Extenstions */ = {
			isa = PBXGroup;
			children = (
				AADE933D2C396AAF007603E5 /* JsonDecoder + Extesntion.swift */,
			);
			path = Extenstions;
			sourceTree = "<group>";
		};
		AADE934D2C39745B007603E5 /* Assets */ = {
			isa = PBXGroup;
			children = (
				AADE92E22C3957AD007603E5 /* Assets.xcassets */,
			);
			path = Assets;
			sourceTree = "<group>";
		};
		AADE93682C398E2D007603E5 /* Network */ = {
			isa = PBXGroup;
			children = (
				AADE936A2C398E3F007603E5 /* Implementation */,
				AADE93692C398E34007603E5 /* MockSession */,
			);
			path = Network;
			sourceTree = "<group>";
		};
		AADE93692C398E34007603E5 /* MockSession */ = {
			isa = PBXGroup;
			children = (
				AADE936B2C398E53007603E5 /* MockUrlSession.swift */,
				AADE936D2C398E67007603E5 /* MockNetworkRepository.swift */,
				AADE936F2C398E79007603E5 /* MockUrlSessionDataTask.swift */,
			);
			path = MockSession;
			sourceTree = "<group>";
		};
		AADE936A2C398E3F007603E5 /* Implementation */ = {
			isa = PBXGroup;
			children = (
				AADE93712C3990F3007603E5 /* NetworkRepositoryImplementation.swift */,
			);
			path = Implementation;
			sourceTree = "<group>";
		};
		AADE93B72C39A3BA007603E5 /* NowPlaying */ = {
			isa = PBXGroup;
			children = (
				AADE93B82C39A3C3007603E5 /* Data */,
				AADE93B92C39A3C7007603E5 /* Domain */,
				AADE93BA2C39A3CB007603E5 /* Presentation */,
			);
			path = NowPlaying;
			sourceTree = "<group>";
		};
		AADE93B82C39A3C3007603E5 /* Data */ = {
			isa = PBXGroup;
			children = (
				AADE93BE2C39AF8F007603E5 /* Factory */,
				AADE93BD2C39AF89007603E5 /* Repository */,
				AADE93BC2C39AF84007603E5 /* Model */,
				AADE93BB2C39AF6E007603E5 /* mapper */,
			);
			path = Data;
			sourceTree = "<group>";
		};
		AADE93B92C39A3C7007603E5 /* Domain */ = {
			isa = PBXGroup;
			children = (
			);
			path = Domain;
			sourceTree = "<group>";
		};
		AADE93BA2C39A3CB007603E5 /* Presentation */ = {
			isa = PBXGroup;
			children = (
			);
			path = Presentation;
			sourceTree = "<group>";
		};
		AADE93BB2C39AF6E007603E5 /* mapper */ = {
			isa = PBXGroup;
			children = (
			);
			path = mapper;
			sourceTree = "<group>";
		};
		AADE93BC2C39AF84007603E5 /* Model */ = {
			isa = PBXGroup;
			children = (
				AADE93BF2C39AFCB007603E5 /* MovieDataModelBuilder.swift */,
				AADE93C12C39AFE0007603E5 /* MovieItemDataModelBuilder.swift */,
			);
			path = Model;
			sourceTree = "<group>";
		};
		AADE93BD2C39AF89007603E5 /* Repository */ = {
			isa = PBXGroup;
			children = (
			);
			path = Repository;
			sourceTree = "<group>";
		};
		AADE93BE2C39AF8F007603E5 /* Factory */ = {
			isa = PBXGroup;
			children = (
			);
			path = Factory;
			sourceTree = "<group>";
		};
/* End PBXGroup section */

/* Begin PBXNativeTarget section */
		AADE92DA2C3957AB007603E5 /* TMDB */ = {
			isa = PBXNativeTarget;
			buildConfigurationList = AADE92FF2C3957AD007603E5 /* Build configuration list for PBXNativeTarget "TMDB" */;
			buildPhases = (
				AADE92D72C3957AB007603E5 /* Sources */,
				AADE92D82C3957AB007603E5 /* Frameworks */,
				AADE92D92C3957AB007603E5 /* Resources */,
			);
			buildRules = (
			);
			dependencies = (
			);
			name = TMDB;
			productName = TMDB;
			productReference = AADE92DB2C3957AB007603E5 /* TMDB.app */;
			productType = "com.apple.product-type.application";
		};
		AADE92EA2C3957AD007603E5 /* TMDBTests */ = {
			isa = PBXNativeTarget;
			buildConfigurationList = AADE93022C3957AD007603E5 /* Build configuration list for PBXNativeTarget "TMDBTests" */;
			buildPhases = (
				AADE92E72C3957AD007603E5 /* Sources */,
				AADE92E82C3957AD007603E5 /* Frameworks */,
				AADE92E92C3957AD007603E5 /* Resources */,
			);
			buildRules = (
			);
			dependencies = (
				AADE92ED2C3957AD007603E5 /* PBXTargetDependency */,
			);
			name = TMDBTests;
			productName = TMDBTests;
			productReference = AADE92EB2C3957AD007603E5 /* TMDBTests.xctest */;
			productType = "com.apple.product-type.bundle.unit-test";
		};
/* End PBXNativeTarget section */

/* Begin PBXProject section */
		AADE92D32C3957AB007603E5 /* Project object */ = {
			isa = PBXProject;
			attributes = {
				BuildIndependentTargetsInParallel = 1;
				LastSwiftUpdateCheck = 1540;
				LastUpgradeCheck = 1540;
				TargetAttributes = {
					AADE92DA2C3957AB007603E5 = {
						CreatedOnToolsVersion = 15.4;
					};
					AADE92EA2C3957AD007603E5 = {
						CreatedOnToolsVersion = 15.4;
						TestTargetID = AADE92DA2C3957AB007603E5;
					};
				};
			};
			buildConfigurationList = AADE92D62C3957AB007603E5 /* Build configuration list for PBXProject "TMDB" */;
			compatibilityVersion = "Xcode 14.0";
			developmentRegion = en;
			hasScannedForEncodings = 0;
			knownRegions = (
				en,
				Base,
			);
			mainGroup = AADE92D22C3957AB007603E5;
			productRefGroup = AADE92DC2C3957AB007603E5 /* Products */;
			projectDirPath = "";
			projectRoot = "";
			targets = (
				AADE92DA2C3957AB007603E5 /* TMDB */,
				AADE92EA2C3957AD007603E5 /* TMDBTests */,
			);
		};
/* End PBXProject section */

/* Begin PBXResourcesBuildPhase section */
		AADE92D92C3957AB007603E5 /* Resources */ = {
			isa = PBXResourcesBuildPhase;
			buildActionMask = 2147483647;
			files = (
				AADE92E62C3957AD007603E5 /* Preview Assets.xcassets in Resources */,
				AADE92E32C3957AD007603E5 /* Assets.xcassets in Resources */,
			);
			runOnlyForDeploymentPostprocessing = 0;
		};
		AADE92E92C3957AD007603E5 /* Resources */ = {
			isa = PBXResourcesBuildPhase;
			buildActionMask = 2147483647;
			files = (
			);
			runOnlyForDeploymentPostprocessing = 0;
		};
/* End PBXResourcesBuildPhase section */

/* Begin PBXSourcesBuildPhase section */
		AADE92D72C3957AB007603E5 /* Sources */ = {
			isa = PBXSourcesBuildPhase;
			buildActionMask = 2147483647;
			files = (
				AADE935B2C397C91007603E5 /* MovieRepositoryImplementation.swift in Sources */,
				AADE933B2C396A6C007603E5 /* JsonDecoder.swift in Sources */,
				AADE93652C39862C007603E5 /* MovieApiFactory.swift in Sources */,
				AADE93312C3962BC007603E5 /* NetworkRepository.swift in Sources */,
				AADE93632C3984A1007603E5 /* MovieDTOMapperImplementation.swift in Sources */,
				AADE93572C397956007603E5 /* MoviesUseCaseImplementation.swift in Sources */,
				AADE93672C398639007603E5 /* MovieApiFactoryImplementation.swift in Sources */,
				AADE93352C3967C4007603E5 /* AuthManager.swift in Sources */,
				AADE93552C397944007603E5 /* MoviesUseCase.swift in Sources */,
				AADE93612C398453007603E5 /* MoviesDTOMapper.swift in Sources */,
				AADE934A2C3970F0007603E5 /* NetworkChecker.swift in Sources */,
				AADE93532C39786C007603E5 /* MoviesRepository.swift in Sources */,
				AADE932F2C3960C8007603E5 /* URLSessionProtocol.swift in Sources */,
				AADE934C2C397388007603E5 /* DisconnectConnection.swift in Sources */,
				AADE92E12C3957AB007603E5 /* ContentView.swift in Sources */,
				AADE93422C396BC3007603E5 /* ErrorResponse.swift in Sources */,
				AADE93482C396E77007603E5 /* PosterPathUrlMovie.swift in Sources */,
				AADE933E2C396AAF007603E5 /* JsonDecoder + Extesntion.swift in Sources */,
				AADE93462C396CFE007603E5 /* UrlsMovie.swift in Sources */,
				AADE93512C3977EF007603E5 /* MovieListEntity.swift in Sources */,
				AADE935D2C397F59007603E5 /* MovieDataModel.swift in Sources */,
				AADE93332C3963B1007603E5 /* NetworkRepositoryImplementation.swift in Sources */,
				AADE92DF2C3957AB007603E5 /* TMDBApp.swift in Sources */,
				AADE93592C397A7A007603E5 /* TypeTabsMovie.swift in Sources */,
				AADE93402C396B81007603E5 /* MovieErrors.swift in Sources */,
				AADE935F2C397F65007603E5 /* MovieItemDataModel.swift in Sources */,
			);
			runOnlyForDeploymentPostprocessing = 0;
		};
		AADE92E72C3957AD007603E5 /* Sources */ = {
			isa = PBXSourcesBuildPhase;
			buildActionMask = 2147483647;
			files = (
				AADE937A2C399692007603E5 /* NetworkRepositoryImplementation.swift in Sources */,
				AADE936E2C398E67007603E5 /* MockNetworkRepository.swift in Sources */,
				AADE93C02C39AFCB007603E5 /* MovieDataModelBuilder.swift in Sources */,
				AADE93702C398E79007603E5 /* MockUrlSessionDataTask.swift in Sources */,
				AADE936C2C398E53007603E5 /* MockUrlSession.swift in Sources */,
				AADE93C22C39AFE0007603E5 /* MovieItemDataModelBuilder.swift in Sources */,
			);
			runOnlyForDeploymentPostprocessing = 0;
		};
/* End PBXSourcesBuildPhase section */

/* Begin PBXTargetDependency section */
		AADE92ED2C3957AD007603E5 /* PBXTargetDependency */ = {
			isa = PBXTargetDependency;
			target = AADE92DA2C3957AB007603E5 /* TMDB */;
			targetProxy = AADE92EC2C3957AD007603E5 /* PBXContainerItemProxy */;
		};
/* End PBXTargetDependency section */

/* Begin XCBuildConfiguration section */
		AADE92FD2C3957AD007603E5 /* Debug */ = {
			isa = XCBuildConfiguration;
			buildSettings = {
				ALWAYS_SEARCH_USER_PATHS = NO;
				ASSETCATALOG_COMPILER_GENERATE_SWIFT_ASSET_SYMBOL_EXTENSIONS = YES;
				CLANG_ANALYZER_NONNULL = YES;
				CLANG_ANALYZER_NUMBER_OBJECT_CONVERSION = YES_AGGRESSIVE;
				CLANG_CXX_LANGUAGE_STANDARD = "gnu++20";
				CLANG_ENABLE_MODULES = YES;
				CLANG_ENABLE_OBJC_ARC = YES;
				CLANG_ENABLE_OBJC_WEAK = YES;
				CLANG_WARN_BLOCK_CAPTURE_AUTORELEASING = YES;
				CLANG_WARN_BOOL_CONVERSION = YES;
				CLANG_WARN_COMMA = YES;
				CLANG_WARN_CONSTANT_CONVERSION = YES;
				CLANG_WARN_DEPRECATED_OBJC_IMPLEMENTATIONS = YES;
				CLANG_WARN_DIRECT_OBJC_ISA_USAGE = YES_ERROR;
				CLANG_WARN_DOCUMENTATION_COMMENTS = YES;
				CLANG_WARN_EMPTY_BODY = YES;
				CLANG_WARN_ENUM_CONVERSION = YES;
				CLANG_WARN_INFINITE_RECURSION = YES;
				CLANG_WARN_INT_CONVERSION = YES;
				CLANG_WARN_NON_LITERAL_NULL_CONVERSION = YES;
				CLANG_WARN_OBJC_IMPLICIT_RETAIN_SELF = YES;
				CLANG_WARN_OBJC_LITERAL_CONVERSION = YES;
				CLANG_WARN_OBJC_ROOT_CLASS = YES_ERROR;
				CLANG_WARN_QUOTED_INCLUDE_IN_FRAMEWORK_HEADER = YES;
				CLANG_WARN_RANGE_LOOP_ANALYSIS = YES;
				CLANG_WARN_STRICT_PROTOTYPES = YES;
				CLANG_WARN_SUSPICIOUS_MOVE = YES;
				CLANG_WARN_UNGUARDED_AVAILABILITY = YES_AGGRESSIVE;
				CLANG_WARN_UNREACHABLE_CODE = YES;
				CLANG_WARN__DUPLICATE_METHOD_MATCH = YES;
				COPY_PHASE_STRIP = NO;
				DEBUG_INFORMATION_FORMAT = dwarf;
				ENABLE_STRICT_OBJC_MSGSEND = YES;
				ENABLE_TESTABILITY = YES;
				ENABLE_USER_SCRIPT_SANDBOXING = YES;
				GCC_C_LANGUAGE_STANDARD = gnu17;
				GCC_DYNAMIC_NO_PIC = NO;
				GCC_NO_COMMON_BLOCKS = YES;
				GCC_OPTIMIZATION_LEVEL = 0;
				GCC_PREPROCESSOR_DEFINITIONS = (
					"DEBUG=1",
					"$(inherited)",
				);
				GCC_WARN_64_TO_32_BIT_CONVERSION = YES;
				GCC_WARN_ABOUT_RETURN_TYPE = YES_ERROR;
				GCC_WARN_UNDECLARED_SELECTOR = YES;
				GCC_WARN_UNINITIALIZED_AUTOS = YES_AGGRESSIVE;
				GCC_WARN_UNUSED_FUNCTION = YES;
				GCC_WARN_UNUSED_VARIABLE = YES;
				IPHONEOS_DEPLOYMENT_TARGET = 17.0;
				LOCALIZATION_PREFERS_STRING_CATALOGS = YES;
				MTL_ENABLE_DEBUG_INFO = INCLUDE_SOURCE;
				MTL_FAST_MATH = YES;
				ONLY_ACTIVE_ARCH = YES;
				SDKROOT = iphoneos;
				SWIFT_ACTIVE_COMPILATION_CONDITIONS = "DEBUG $(inherited)";
				SWIFT_OPTIMIZATION_LEVEL = "-Onone";
			};
			name = Debug;
		};
		AADE92FE2C3957AD007603E5 /* Release */ = {
			isa = XCBuildConfiguration;
			buildSettings = {
				ALWAYS_SEARCH_USER_PATHS = NO;
				ASSETCATALOG_COMPILER_GENERATE_SWIFT_ASSET_SYMBOL_EXTENSIONS = YES;
				CLANG_ANALYZER_NONNULL = YES;
				CLANG_ANALYZER_NUMBER_OBJECT_CONVERSION = YES_AGGRESSIVE;
				CLANG_CXX_LANGUAGE_STANDARD = "gnu++20";
				CLANG_ENABLE_MODULES = YES;
				CLANG_ENABLE_OBJC_ARC = YES;
				CLANG_ENABLE_OBJC_WEAK = YES;
				CLANG_WARN_BLOCK_CAPTURE_AUTORELEASING = YES;
				CLANG_WARN_BOOL_CONVERSION = YES;
				CLANG_WARN_COMMA = YES;
				CLANG_WARN_CONSTANT_CONVERSION = YES;
				CLANG_WARN_DEPRECATED_OBJC_IMPLEMENTATIONS = YES;
				CLANG_WARN_DIRECT_OBJC_ISA_USAGE = YES_ERROR;
				CLANG_WARN_DOCUMENTATION_COMMENTS = YES;
				CLANG_WARN_EMPTY_BODY = YES;
				CLANG_WARN_ENUM_CONVERSION = YES;
				CLANG_WARN_INFINITE_RECURSION = YES;
				CLANG_WARN_INT_CONVERSION = YES;
				CLANG_WARN_NON_LITERAL_NULL_CONVERSION = YES;
				CLANG_WARN_OBJC_IMPLICIT_RETAIN_SELF = YES;
				CLANG_WARN_OBJC_LITERAL_CONVERSION = YES;
				CLANG_WARN_OBJC_ROOT_CLASS = YES_ERROR;
				CLANG_WARN_QUOTED_INCLUDE_IN_FRAMEWORK_HEADER = YES;
				CLANG_WARN_RANGE_LOOP_ANALYSIS = YES;
				CLANG_WARN_STRICT_PROTOTYPES = YES;
				CLANG_WARN_SUSPICIOUS_MOVE = YES;
				CLANG_WARN_UNGUARDED_AVAILABILITY = YES_AGGRESSIVE;
				CLANG_WARN_UNREACHABLE_CODE = YES;
				CLANG_WARN__DUPLICATE_METHOD_MATCH = YES;
				COPY_PHASE_STRIP = NO;
				DEBUG_INFORMATION_FORMAT = "dwarf-with-dsym";
				ENABLE_NS_ASSERTIONS = NO;
				ENABLE_STRICT_OBJC_MSGSEND = YES;
				ENABLE_USER_SCRIPT_SANDBOXING = YES;
				GCC_C_LANGUAGE_STANDARD = gnu17;
				GCC_NO_COMMON_BLOCKS = YES;
				GCC_WARN_64_TO_32_BIT_CONVERSION = YES;
				GCC_WARN_ABOUT_RETURN_TYPE = YES_ERROR;
				GCC_WARN_UNDECLARED_SELECTOR = YES;
				GCC_WARN_UNINITIALIZED_AUTOS = YES_AGGRESSIVE;
				GCC_WARN_UNUSED_FUNCTION = YES;
				GCC_WARN_UNUSED_VARIABLE = YES;
				IPHONEOS_DEPLOYMENT_TARGET = 17.0;
				LOCALIZATION_PREFERS_STRING_CATALOGS = YES;
				MTL_ENABLE_DEBUG_INFO = NO;
				MTL_FAST_MATH = YES;
				SDKROOT = iphoneos;
				SWIFT_COMPILATION_MODE = wholemodule;
				VALIDATE_PRODUCT = YES;
			};
			name = Release;
		};
		AADE93002C3957AD007603E5 /* Debug */ = {
			isa = XCBuildConfiguration;
			buildSettings = {
				ASSETCATALOG_COMPILER_APPICON_NAME = AppIcon;
				ASSETCATALOG_COMPILER_GLOBAL_ACCENT_COLOR_NAME = AccentColor;
				CODE_SIGN_STYLE = Automatic;
				CURRENT_PROJECT_VERSION = 1;
				DEVELOPMENT_ASSET_PATHS = "\"TMDB/Preview Content\"";
				DEVELOPMENT_TEAM = W8LN286WQ7;
				ENABLE_PREVIEWS = YES;
				GENERATE_INFOPLIST_FILE = YES;
				INFOPLIST_KEY_UIApplicationSceneManifest_Generation = YES;
				INFOPLIST_KEY_UIApplicationSupportsIndirectInputEvents = YES;
				INFOPLIST_KEY_UILaunchScreen_Generation = YES;
				INFOPLIST_KEY_UISupportedInterfaceOrientations_iPad = "UIInterfaceOrientationPortrait UIInterfaceOrientationPortraitUpsideDown UIInterfaceOrientationLandscapeLeft UIInterfaceOrientationLandscapeRight";
				INFOPLIST_KEY_UISupportedInterfaceOrientations_iPhone = "UIInterfaceOrientationPortrait UIInterfaceOrientationLandscapeLeft UIInterfaceOrientationLandscapeRight";
				LD_RUNPATH_SEARCH_PATHS = (
					"$(inherited)",
					"@executable_path/Frameworks",
				);
				MARKETING_VERSION = 1.0;
				PRODUCT_BUNDLE_IDENTIFIER = "banquemisr.challenge05.-.TMDB";
				PRODUCT_NAME = "$(TARGET_NAME)";
				SWIFT_EMIT_LOC_STRINGS = YES;
				SWIFT_VERSION = 5.0;
				TARGETED_DEVICE_FAMILY = "1,2";
			};
			name = Debug;
		};
		AADE93012C3957AD007603E5 /* Release */ = {
			isa = XCBuildConfiguration;
			buildSettings = {
				ASSETCATALOG_COMPILER_APPICON_NAME = AppIcon;
				ASSETCATALOG_COMPILER_GLOBAL_ACCENT_COLOR_NAME = AccentColor;
				CODE_SIGN_STYLE = Automatic;
				CURRENT_PROJECT_VERSION = 1;
				DEVELOPMENT_ASSET_PATHS = "\"TMDB/Preview Content\"";
				DEVELOPMENT_TEAM = W8LN286WQ7;
				ENABLE_PREVIEWS = YES;
				GENERATE_INFOPLIST_FILE = YES;
				INFOPLIST_KEY_UIApplicationSceneManifest_Generation = YES;
				INFOPLIST_KEY_UIApplicationSupportsIndirectInputEvents = YES;
				INFOPLIST_KEY_UILaunchScreen_Generation = YES;
				INFOPLIST_KEY_UISupportedInterfaceOrientations_iPad = "UIInterfaceOrientationPortrait UIInterfaceOrientationPortraitUpsideDown UIInterfaceOrientationLandscapeLeft UIInterfaceOrientationLandscapeRight";
				INFOPLIST_KEY_UISupportedInterfaceOrientations_iPhone = "UIInterfaceOrientationPortrait UIInterfaceOrientationLandscapeLeft UIInterfaceOrientationLandscapeRight";
				LD_RUNPATH_SEARCH_PATHS = (
					"$(inherited)",
					"@executable_path/Frameworks",
				);
				MARKETING_VERSION = 1.0;
				PRODUCT_BUNDLE_IDENTIFIER = "banquemisr.challenge05.-.TMDB";
				PRODUCT_NAME = "$(TARGET_NAME)";
				SWIFT_EMIT_LOC_STRINGS = YES;
				SWIFT_VERSION = 5.0;
				TARGETED_DEVICE_FAMILY = "1,2";
			};
			name = Release;
		};
		AADE93032C3957AD007603E5 /* Debug */ = {
			isa = XCBuildConfiguration;
			buildSettings = {
				ALWAYS_EMBED_SWIFT_STANDARD_LIBRARIES = YES;
				BUNDLE_LOADER = "$(TEST_HOST)";
				CODE_SIGN_STYLE = Automatic;
				CURRENT_PROJECT_VERSION = 1;
				DEVELOPMENT_TEAM = W8LN286WQ7;
				GENERATE_INFOPLIST_FILE = YES;
				IPHONEOS_DEPLOYMENT_TARGET = 17.0;
				MARKETING_VERSION = 1.0;
				PRODUCT_BUNDLE_IDENTIFIER = "banquemisr.challenge05.-.TMDBTests";
				PRODUCT_NAME = "$(TARGET_NAME)";
				SUPPORTED_PLATFORMS = "iphoneos iphonesimulator";
				SUPPORTS_MACCATALYST = NO;
				SUPPORTS_MAC_DESIGNED_FOR_IPHONE_IPAD = NO;
				SUPPORTS_XR_DESIGNED_FOR_IPHONE_IPAD = NO;
				SWIFT_EMIT_LOC_STRINGS = NO;
				SWIFT_VERSION = 5.0;
				TARGETED_DEVICE_FAMILY = 1;
				TEST_HOST = "$(BUILT_PRODUCTS_DIR)/TMDB.app/$(BUNDLE_EXECUTABLE_FOLDER_PATH)/TMDB";
			};
			name = Debug;
		};
		AADE93042C3957AD007603E5 /* Release */ = {
			isa = XCBuildConfiguration;
			buildSettings = {
				ALWAYS_EMBED_SWIFT_STANDARD_LIBRARIES = YES;
				BUNDLE_LOADER = "$(TEST_HOST)";
				CODE_SIGN_STYLE = Automatic;
				CURRENT_PROJECT_VERSION = 1;
				DEVELOPMENT_TEAM = W8LN286WQ7;
				GENERATE_INFOPLIST_FILE = YES;
				IPHONEOS_DEPLOYMENT_TARGET = 17.0;
				MARKETING_VERSION = 1.0;
				PRODUCT_BUNDLE_IDENTIFIER = "banquemisr.challenge05.-.TMDBTests";
				PRODUCT_NAME = "$(TARGET_NAME)";
				SUPPORTED_PLATFORMS = "iphoneos iphonesimulator";
				SUPPORTS_MACCATALYST = NO;
				SUPPORTS_MAC_DESIGNED_FOR_IPHONE_IPAD = NO;
				SUPPORTS_XR_DESIGNED_FOR_IPHONE_IPAD = NO;
				SWIFT_EMIT_LOC_STRINGS = NO;
				SWIFT_VERSION = 5.0;
				TARGETED_DEVICE_FAMILY = 1;
				TEST_HOST = "$(BUILT_PRODUCTS_DIR)/TMDB.app/$(BUNDLE_EXECUTABLE_FOLDER_PATH)/TMDB";
			};
			name = Release;
		};
/* End XCBuildConfiguration section */

/* Begin XCConfigurationList section */
		AADE92D62C3957AB007603E5 /* Build configuration list for PBXProject "TMDB" */ = {
			isa = XCConfigurationList;
			buildConfigurations = (
				AADE92FD2C3957AD007603E5 /* Debug */,
				AADE92FE2C3957AD007603E5 /* Release */,
			);
			defaultConfigurationIsVisible = 0;
			defaultConfigurationName = Release;
		};
		AADE92FF2C3957AD007603E5 /* Build configuration list for PBXNativeTarget "TMDB" */ = {
			isa = XCConfigurationList;
			buildConfigurations = (
				AADE93002C3957AD007603E5 /* Debug */,
				AADE93012C3957AD007603E5 /* Release */,
			);
			defaultConfigurationIsVisible = 0;
			defaultConfigurationName = Release;
		};
		AADE93022C3957AD007603E5 /* Build configuration list for PBXNativeTarget "TMDBTests" */ = {
			isa = XCConfigurationList;
			buildConfigurations = (
				AADE93032C3957AD007603E5 /* Debug */,
				AADE93042C3957AD007603E5 /* Release */,
			);
			defaultConfigurationIsVisible = 0;
			defaultConfigurationName = Release;
		};
/* End XCConfigurationList section */
	};
	rootObject = AADE92D32C3957AB007603E5 /* Project object */;
}
